
Microsoft Visual Studio Solution File, Format Version 12.00
# Visual Studio 2012
Project("{FAE04EC0-301F-11D3-BF4B-00C04F79EFBC}") = "MicroSerialization.Mf", "MicroSerialization.Mf\MicroSerialization.Mf.csproj", "{DCC197B6-FB7B-4DFA-A218-2AE44128B2A3}"
EndProject
Project("{FAE04EC0-301F-11D3-BF4B-00C04F79EFBC}") = "MicroSerialization.Pcl", "MicroSerialization.Pcl\MicroSerialization.Pcl.csproj", "{22C81444-BD4E-4D82-B81E-08908627D240}"
EndProject
Project("{FAE04EC0-301F-11D3-BF4B-00C04F79EFBC}") = "MicroSerialization.Tests", "MicroSerialization.Tests\MicroSerialization.Tests.csproj", "{F3A40580-53F9-478F-8D86-10612E35A82B}"
EndProject
Project("{FAE04EC0-301F-11D3-BF4B-00C04F79EFBC}") = "MicroSerialization.WIndowsPhone.TestApp", "MicroSerialization.WIndowsPhone.TestApp\MicroSerialization.WIndowsPhone.TestApp.csproj", "{0048F382-B2BE-4486-946D-6D32DFA2B886}"
EndProject
Project("{FAE04EC0-301F-11D3-BF4B-00C04F79EFBC}") = "MicroSerialization.Agent.TestApp", "MicroSerialization.Agent.TestApp\MicroSerialization.Agent.TestApp.csproj", "{7B6A12A4-C784-4DB4-B724-759A95403D27}"
EndProject
Global
	GlobalSection(SolutionConfigurationPlatforms) = preSolution
		Debug|Any CPU = Debug|Any CPU
		Debug|ARM = Debug|ARM
		Debug|x86 = Debug|x86
		Release|Any CPU = Release|Any CPU
		Release|ARM = Release|ARM
		Release|x86 = Release|x86
	EndGlobalSection
	GlobalSection(ProjectConfigurationPlatforms) = postSolution
		{DCC197B6-FB7B-4DFA-A218-2AE44128B2A3}.Debug|Any CPU.ActiveCfg = Debug|Any CPU
		{DCC197B6-FB7B-4DFA-A218-2AE44128B2A3}.Debug|Any CPU.Build.0 = Debug|Any CPU
		{DCC197B6-FB7B-4DFA-A218-2AE44128B2A3}.Debug|ARM.ActiveCfg = Debug|Any CPU
		{DCC197B6-FB7B-4DFA-A218-2AE44128B2A3}.Debug|x86.ActiveCfg = Debug|Any CPU
		{DCC197B6-FB7B-4DFA-A218-2AE44128B2A3}.Release|Any CPU.ActiveCfg = Release|Any CPU
		{DCC197B6-FB7B-4DFA-A218-2AE44128B2A3}.Release|Any CPU.Build.0 = Release|Any CPU
		{DCC197B6-FB7B-4DFA-A218-2AE44128B2A3}.Release|ARM.ActiveCfg = Release|Any CPU
		{DCC197B6-FB7B-4DFA-A218-2AE44128B2A3}.Release|x86.ActiveCfg = Release|Any CPU
		{22C81444-BD4E-4D82-B81E-08908627D240}.Debug|Any CPU.ActiveCfg = Debug|Any CPU
		{22C81444-BD4E-4D82-B81E-08908627D240}.Debug|Any CPU.Build.0 = Debug|Any CPU
		{22C81444-BD4E-4D82-B81E-08908627D240}.Debug|ARM.ActiveCfg = Debug|Any CPU
		{22C81444-BD4E-4D82-B81E-08908627D240}.Debug|x86.ActiveCfg = Debug|Any CPU
		{22C81444-BD4E-4D82-B81E-08908627D240}.Release|Any CPU.ActiveCfg = Release|Any CPU
		{22C81444-BD4E-4D82-B81E-08908627D240}.Release|Any CPU.Build.0 = Release|Any CPU
		{22C81444-BD4E-4D82-B81E-08908627D240}.Release|ARM.ActiveCfg = Release|Any CPU
		{22C81444-BD4E-4D82-B81E-08908627D240}.Release|x86.ActiveCfg = Release|Any CPU
		{F3A40580-53F9-478F-8D86-10612E35A82B}.Debug|Any CPU.ActiveCfg = Debug|Any CPU
		{F3A40580-53F9-478F-8D86-10612E35A82B}.Debug|Any CPU.Build.0 = Debug|Any CPU
		{F3A40580-53F9-478F-8D86-10612E35A82B}.Debug|ARM.ActiveCfg = Debug|Any CPU
		{F3A40580-53F9-478F-8D86-10612E35A82B}.Debug|x86.ActiveCfg = Debug|Any CPU
		{F3A40580-53F9-478F-8D86-10612E35A82B}.Release|Any CPU.ActiveCfg = Release|Any CPU
		{F3A40580-53F9-478F-8D86-10612E35A82B}.Release|Any CPU.Build.0 = Release|Any CPU
		{F3A40580-53F9-478F-8D86-10612E35A82B}.Release|ARM.ActiveCfg = Release|Any CPU
		{F3A40580-53F9-478F-8D86-10612E35A82B}.Release|x86.ActiveCfg = Release|Any CPU
		{0048F382-B2BE-4486-946D-6D32DFA2B886}.Debug|Any CPU.ActiveCfg = Debug|Any CPU
		{0048F382-B2BE-4486-946D-6D32DFA2B886}.Debug|Any CPU.Build.0 = Debug|Any CPU
		{0048F382-B2BE-4486-946D-6D32DFA2B886}.Debug|Any CPU.Deploy.0 = Debug|Any CPU
		{0048F382-B2BE-4486-946D-6D32DFA2B886}.Debug|ARM.ActiveCfg = Debug|ARM
		{0048F382-B2BE-4486-946D-6D32DFA2B886}.Debug|ARM.Build.0 = Debug|ARM
		{0048F382-B2BE-4486-946D-6D32DFA2B886}.Debug|ARM.Deploy.0 = Debug|ARM
		{0048F382-B2BE-4486-946D-6D32DFA2B886}.Debug|x86.ActiveCfg = Debug|x86
		{0048F382-B2BE-4486-946D-6D32DFA2B886}.Debug|x86.Build.0 = Debug|x86
		{0048F382-B2BE-4486-946D-6D32DFA2B886}.Debug|x86.Deploy.0 = Debug|x86
		{0048F382-B2BE-4486-946D-6D32DFA2B886}.Release|Any CPU.ActiveCfg = Release|Any CPU
		{0048F382-B2BE-4486-946D-6D32DFA2B886}.Release|Any CPU.Build.0 = Release|Any CPU
		{0048F382-B2BE-4486-946D-6D32DFA2B886}.Release|Any CPU.Deploy.0 = Release|Any CPU
		{0048F382-B2BE-4486-946D-6D32DFA2B886}.Release|ARM.ActiveCfg = Release|ARM
		{0048F382-B2BE-4486-946D-6D32DFA2B886}.Release|ARM.Build.0 = Release|ARM
		{0048F382-B2BE-4486-946D-6D32DFA2B886}.Release|ARM.Deploy.0 = Release|ARM
		{0048F382-B2BE-4486-946D-6D32DFA2B886}.Release|x86.ActiveCfg = Release|x86
		{0048F382-B2BE-4486-946D-6D32DFA2B886}.Release|x86.Build.0 = Release|x86
		{0048F382-B2BE-4486-946D-6D32DFA2B886}.Release|x86.Deploy.0 = Release|x86
		{7B6A12A4-C784-4DB4-B724-759A95403D27}.Debug|Any CPU.ActiveCfg = Debug|Any CPU
		{7B6A12A4-C784-4DB4-B724-759A95403D27}.Debug|Any CPU.Build.0 = Debug|Any CPU
		{7B6A12A4-C784-4DB4-B724-759A95403D27}.Debug|Any CPU.Deploy.0 = Debug|Any CPU
		{7B6A12A4-C784-4DB4-B724-759A95403D27}.Debug|ARM.ActiveCfg = Debug|Any CPU
		{7B6A12A4-C784-4DB4-B724-759A95403D27}.Debug|x86.ActiveCfg = Debug|Any CPU
		{7B6A12A4-C784-4DB4-B724-759A95403D27}.Release|Any CPU.ActiveCfg = Release|Any CPU
		{7B6A12A4-C784-4DB4-B724-759A95403D27}.Release|Any CPU.Build.0 = Release|Any CPU
		{7B6A12A4-C784-4DB4-B724-759A95403D27}.Release|Any CPU.Deploy.0 = Release|Any CPU
		{7B6A12A4-C784-4DB4-B724-759A95403D27}.Release|ARM.ActiveCfg = Release|Any CPU
		{7B6A12A4-C784-4DB4-B724-759A95403D27}.Release|x86.ActiveCfg = Release|Any CPU
	EndGlobalSection
	GlobalSection(SolutionProperties) = preSolution
		HideSolutionNode = FALSE
	EndGlobalSection
EndGlobal
